
Microsoft Visual Studio Solution File, Format Version 12.00
# Visual Studio Version 17
VisualStudioVersion = 17.8.34601.278
MinimumVisualStudioVersion = 10.0.40219.1
Project("{2150E333-8FDC-42A3-9474-1A3956D46DE8}") = "src", "src", "{5361BF30-4BF6-4CC7-B792-203BD5E3E7EC}"
EndProject
Project("{2150E333-8FDC-42A3-9474-1A3956D46DE8}") = "BuildingBlocks", "BuildingBlocks", "{5519B598-805E-410F-9FCF-D48F120A2281}"
EndProject
Project("{2150E333-8FDC-42A3-9474-1A3956D46DE8}") = "Common", "Common", "{E98AF054-A1E1-49D3-BD90-762E2F1FAE74}"
EndProject
Project("{2150E333-8FDC-42A3-9474-1A3956D46DE8}") = "Microservices", "Microservices", "{0683BAF9-183B-4847-85CB-13973EFB0466}"
EndProject
Project("{9A19103F-16F7-4668-BE54-9A1E7A4F7556}") = "GatewayRequestApi", "src\Microservices\GatewayRequestApi\GatewayRequestApi\GatewayRequestApi.csproj", "{F34ACF04-F862-47BB-BF1F-F110D8897745}"
EndProject
Project("{E53339B2-1760-4266-BCC7-CA923CBCF16C}") = "docker-compose", "docker-compose.dcproj", "{21E5A9FA-02C3-4E6F-A4DA-7467C85E4491}"
EndProject
Project("{9A19103F-16F7-4668-BE54-9A1E7A4F7556}") = "Message.Domain", "src\Microservices\GatewayRequestApi\Message.Domain\Message.Domain.csproj", "{68D0B534-101C-4CD0-BEA2-C2747B52BBBB}"
EndProject
Project("{9A19103F-16F7-4668-BE54-9A1E7A4F7556}") = "Message.Infrastructure", "src\Microservices\GatewayRequestApi\Message.Infrastructure\Message.Infrastructure.csproj", "{71FE6133-36DD-48C4-9FA7-256B7CCAA32F}"
EndProject
Project("{9A19103F-16F7-4668-BE54-9A1E7A4F7556}") = "GatewayGrpcService", "src\Microservices\GatewayGrpcService\GatewayGrpcService\GatewayGrpcService.csproj", "{36D4A62F-5B14-4686-8156-52846248EB42}"
EndProject
Project("{9A19103F-16F7-4668-BE54-9A1E7A4F7556}") = "Building33MockApi", "src\Microservices\Building33MockApi\Building33MockApi\Building33MockApi.csproj", "{D5806CE6-D4B7-4F5C-900C-66B8829404BF}"
EndProject
Project("{9A19103F-16F7-4668-BE54-9A1E7A4F7556}") = "SystemAdmin", "src\Microservices\GlobalIntegrationUI\SystemAdmin.csproj", "{66E4F3EB-0A87-4186-A225-A8D166D45154}"
EndProject
Project("{9A19103F-16F7-4668-BE54-9A1E7A4F7556}") = "gateway-global-integration-api", "src\Microservices\GlobalIntegrationApi\gateway-global-integration-api\gateway-global-integration-api.csproj", "{137529C0-DFB5-4162-BA39-CE0FBE26F7DA}"
EndProject
Project("{9A19103F-16F7-4668-BE54-9A1E7A4F7556}") = "BL.Gateway.EventBus", "src\BuildingBlocks\BL.Gateway.EventBus\BL.Gateway.EventBus.csproj", "{D95930F9-F470-44BE-A198-23AA361E93A4}"
EndProject
Project("{9A19103F-16F7-4668-BE54-9A1E7A4F7556}") = "BL.Gateway.EventBusRabbitMQ", "src\BuildingBlocks\BL.Gateway.EventBusRabbitMQ\BL.Gateway.EventBusRabbitMQ.csproj", "{C4B6B5BF-ED54-44BE-9CC5-CF2AC301C20F}"
EndProject
Project("{9A19103F-16F7-4668-BE54-9A1E7A4F7556}") = "BL.Gateway.EventBusServiceBus", "src\BuildingBlocks\BL.Gateway.EventBusServiceBus\BL.Gateway.EventBusServiceBus.csproj", "{F1086876-8950-4CC4-94C8-E54B2A109963}"
EndProject
Project("{9A19103F-16F7-4668-BE54-9A1E7A4F7556}") = "BL.Gateway.IntegrationEventLogEF", "src\BuildingBlocks\BL.Gateway.IntegratioinEventLogEF\BL.Gateway.IntegrationEventLogEF.csproj", "{42BC6F89-B51E-4CAE-AB37-DCCB3CCAD6DC}"
EndProject
Project("{9A19103F-16F7-4668-BE54-9A1E7A4F7556}") = "BL.Gateway.Events.Common", "src\Common\BL.Gateway.Events.Common\BL.Gateway.Events.Common.csproj", "{CEA76253-EC54-41FE-9573-C964BDE7AD59}"
EndProject
Project("{9A19103F-16F7-4668-BE54-9A1E7A4F7556}") = "BL.Gateway.Services.Common", "src\Common\BL.Gateway.Services.Common\BL.Gateway.Services.Common.csproj", "{19F48D2A-C36B-4992-828C-38031437296F}"
EndProject
Global
	GlobalSection(SolutionConfigurationPlatforms) = preSolution
		Debug|Any CPU = Debug|Any CPU
		Release|Any CPU = Release|Any CPU
	EndGlobalSection
	GlobalSection(ProjectConfigurationPlatforms) = postSolution
		{F34ACF04-F862-47BB-BF1F-F110D8897745}.Debug|Any CPU.ActiveCfg = Debug|Any CPU
		{F34ACF04-F862-47BB-BF1F-F110D8897745}.Debug|Any CPU.Build.0 = Debug|Any CPU
		{F34ACF04-F862-47BB-BF1F-F110D8897745}.Release|Any CPU.ActiveCfg = Release|Any CPU
		{F34ACF04-F862-47BB-BF1F-F110D8897745}.Release|Any CPU.Build.0 = Release|Any CPU
		{21E5A9FA-02C3-4E6F-A4DA-7467C85E4491}.Debug|Any CPU.ActiveCfg = Debug|Any CPU
		{21E5A9FA-02C3-4E6F-A4DA-7467C85E4491}.Debug|Any CPU.Build.0 = Debug|Any CPU
		{21E5A9FA-02C3-4E6F-A4DA-7467C85E4491}.Release|Any CPU.ActiveCfg = Release|Any CPU
		{21E5A9FA-02C3-4E6F-A4DA-7467C85E4491}.Release|Any CPU.Build.0 = Release|Any CPU
		{68D0B534-101C-4CD0-BEA2-C2747B52BBBB}.Debug|Any CPU.ActiveCfg = Debug|Any CPU
		{68D0B534-101C-4CD0-BEA2-C2747B52BBBB}.Debug|Any CPU.Build.0 = Debug|Any CPU
		{68D0B534-101C-4CD0-BEA2-C2747B52BBBB}.Release|Any CPU.ActiveCfg = Release|Any CPU
		{68D0B534-101C-4CD0-BEA2-C2747B52BBBB}.Release|Any CPU.Build.0 = Release|Any CPU
		{71FE6133-36DD-48C4-9FA7-256B7CCAA32F}.Debug|Any CPU.ActiveCfg = Debug|Any CPU
		{71FE6133-36DD-48C4-9FA7-256B7CCAA32F}.Debug|Any CPU.Build.0 = Debug|Any CPU
		{71FE6133-36DD-48C4-9FA7-256B7CCAA32F}.Release|Any CPU.ActiveCfg = Release|Any CPU
		{71FE6133-36DD-48C4-9FA7-256B7CCAA32F}.Release|Any CPU.Build.0 = Release|Any CPU
		{36D4A62F-5B14-4686-8156-52846248EB42}.Debug|Any CPU.ActiveCfg = Debug|Any CPU
		{36D4A62F-5B14-4686-8156-52846248EB42}.Debug|Any CPU.Build.0 = Debug|Any CPU
		{36D4A62F-5B14-4686-8156-52846248EB42}.Release|Any CPU.ActiveCfg = Release|Any CPU
		{36D4A62F-5B14-4686-8156-52846248EB42}.Release|Any CPU.Build.0 = Release|Any CPU
		{D5806CE6-D4B7-4F5C-900C-66B8829404BF}.Debug|Any CPU.ActiveCfg = Debug|Any CPU
		{D5806CE6-D4B7-4F5C-900C-66B8829404BF}.Debug|Any CPU.Build.0 = Debug|Any CPU
		{D5806CE6-D4B7-4F5C-900C-66B8829404BF}.Release|Any CPU.ActiveCfg = Release|Any CPU
		{D5806CE6-D4B7-4F5C-900C-66B8829404BF}.Release|Any CPU.Build.0 = Release|Any CPU
		{66E4F3EB-0A87-4186-A225-A8D166D45154}.Debug|Any CPU.ActiveCfg = Debug|Any CPU
		{66E4F3EB-0A87-4186-A225-A8D166D45154}.Debug|Any CPU.Build.0 = Debug|Any CPU
		{66E4F3EB-0A87-4186-A225-A8D166D45154}.Release|Any CPU.ActiveCfg = Release|Any CPU
		{66E4F3EB-0A87-4186-A225-A8D166D45154}.Release|Any CPU.Build.0 = Release|Any CPU
		{137529C0-DFB5-4162-BA39-CE0FBE26F7DA}.Debug|Any CPU.ActiveCfg = Debug|Any CPU
		{137529C0-DFB5-4162-BA39-CE0FBE26F7DA}.Debug|Any CPU.Build.0 = Debug|Any CPU
		{137529C0-DFB5-4162-BA39-CE0FBE26F7DA}.Release|Any CPU.ActiveCfg = Release|Any CPU
		{137529C0-DFB5-4162-BA39-CE0FBE26F7DA}.Release|Any CPU.Build.0 = Release|Any CPU
		{D95930F9-F470-44BE-A198-23AA361E93A4}.Debug|Any CPU.ActiveCfg = Debug|Any CPU
		{D95930F9-F470-44BE-A198-23AA361E93A4}.Debug|Any CPU.Build.0 = Debug|Any CPU
		{D95930F9-F470-44BE-A198-23AA361E93A4}.Release|Any CPU.ActiveCfg = Release|Any CPU
		{D95930F9-F470-44BE-A198-23AA361E93A4}.Release|Any CPU.Build.0 = Release|Any CPU
		{C4B6B5BF-ED54-44BE-9CC5-CF2AC301C20F}.Debug|Any CPU.ActiveCfg = Debug|Any CPU
		{C4B6B5BF-ED54-44BE-9CC5-CF2AC301C20F}.Debug|Any CPU.Build.0 = Debug|Any CPU
		{C4B6B5BF-ED54-44BE-9CC5-CF2AC301C20F}.Release|Any CPU.ActiveCfg = Release|Any CPU
		{C4B6B5BF-ED54-44BE-9CC5-CF2AC301C20F}.Release|Any CPU.Build.0 = Release|Any CPU
		{F1086876-8950-4CC4-94C8-E54B2A109963}.Debug|Any CPU.ActiveCfg = Debug|Any CPU
		{F1086876-8950-4CC4-94C8-E54B2A109963}.Debug|Any CPU.Build.0 = Debug|Any CPU
		{F1086876-8950-4CC4-94C8-E54B2A109963}.Release|Any CPU.ActiveCfg = Release|Any CPU
		{F1086876-8950-4CC4-94C8-E54B2A109963}.Release|Any CPU.Build.0 = Release|Any CPU
		{42BC6F89-B51E-4CAE-AB37-DCCB3CCAD6DC}.Debug|Any CPU.ActiveCfg = Debug|Any CPU
		{42BC6F89-B51E-4CAE-AB37-DCCB3CCAD6DC}.Debug|Any CPU.Build.0 = Debug|Any CPU
		{42BC6F89-B51E-4CAE-AB37-DCCB3CCAD6DC}.Release|Any CPU.ActiveCfg = Release|Any CPU
		{42BC6F89-B51E-4CAE-AB37-DCCB3CCAD6DC}.Release|Any CPU.Build.0 = Release|Any CPU
		{CEA76253-EC54-41FE-9573-C964BDE7AD59}.Debug|Any CPU.ActiveCfg = Debug|Any CPU
		{CEA76253-EC54-41FE-9573-C964BDE7AD59}.Debug|Any CPU.Build.0 = Debug|Any CPU
		{CEA76253-EC54-41FE-9573-C964BDE7AD59}.Release|Any CPU.ActiveCfg = Release|Any CPU
		{CEA76253-EC54-41FE-9573-C964BDE7AD59}.Release|Any CPU.Build.0 = Release|Any CPU
		{19F48D2A-C36B-4992-828C-38031437296F}.Debug|Any CPU.ActiveCfg = Debug|Any CPU
		{19F48D2A-C36B-4992-828C-38031437296F}.Debug|Any CPU.Build.0 = Debug|Any CPU
		{19F48D2A-C36B-4992-828C-38031437296F}.Release|Any CPU.ActiveCfg = Release|Any CPU
		{19F48D2A-C36B-4992-828C-38031437296F}.Release|Any CPU.Build.0 = Release|Any CPU
	EndGlobalSection
	GlobalSection(SolutionProperties) = preSolution
		HideSolutionNode = FALSE
	EndGlobalSection
	GlobalSection(NestedProjects) = preSolution
		{5519B598-805E-410F-9FCF-D48F120A2281} = {5361BF30-4BF6-4CC7-B792-203BD5E3E7EC}
		{E98AF054-A1E1-49D3-BD90-762E2F1FAE74} = {5361BF30-4BF6-4CC7-B792-203BD5E3E7EC}
		{0683BAF9-183B-4847-85CB-13973EFB0466} = {5361BF30-4BF6-4CC7-B792-203BD5E3E7EC}
		{F34ACF04-F862-47BB-BF1F-F110D8897745} = {0683BAF9-183B-4847-85CB-13973EFB0466}
		{68D0B534-101C-4CD0-BEA2-C2747B52BBBB} = {0683BAF9-183B-4847-85CB-13973EFB0466}
		{71FE6133-36DD-48C4-9FA7-256B7CCAA32F} = {0683BAF9-183B-4847-85CB-13973EFB0466}
		{36D4A62F-5B14-4686-8156-52846248EB42} = {0683BAF9-183B-4847-85CB-13973EFB0466}
		{D5806CE6-D4B7-4F5C-900C-66B8829404BF} = {0683BAF9-183B-4847-85CB-13973EFB0466}
		{66E4F3EB-0A87-4186-A225-A8D166D45154} = {0683BAF9-183B-4847-85CB-13973EFB0466}
		{137529C0-DFB5-4162-BA39-CE0FBE26F7DA} = {0683BAF9-183B-4847-85CB-13973EFB0466}
		{D95930F9-F470-44BE-A198-23AA361E93A4} = {5519B598-805E-410F-9FCF-D48F120A2281}
		{C4B6B5BF-ED54-44BE-9CC5-CF2AC301C20F} = {5519B598-805E-410F-9FCF-D48F120A2281}
		{F1086876-8950-4CC4-94C8-E54B2A109963} = {5519B598-805E-410F-9FCF-D48F120A2281}
		{42BC6F89-B51E-4CAE-AB37-DCCB3CCAD6DC} = {5519B598-805E-410F-9FCF-D48F120A2281}
		{CEA76253-EC54-41FE-9573-C964BDE7AD59} = {E98AF054-A1E1-49D3-BD90-762E2F1FAE74}
		{19F48D2A-C36B-4992-828C-38031437296F} = {E98AF054-A1E1-49D3-BD90-762E2F1FAE74}
	EndGlobalSection
	GlobalSection(ExtensibilityGlobals) = postSolution
		SolutionGuid = {8B03A9C2-C5E4-45A6-AA55-E8BD863518EC}
	EndGlobalSection
EndGlobal
